
Microsoft Visual Studio Solution File, Format Version 12.00
# Visual Studio Version 17
VisualStudioVersion = 17.0.31919.166
MinimumVisualStudioVersion = 10.0.40219.1
Project("{FAE04EC0-301F-11D3-BF4B-00C04F79EFBC}") = "Monocle", "Monocle\Monocle.csproj", "{B0383AA3-1937-41E8-B7DE-E4A08E21D984}"
EndProject
Project("{FAE04EC0-301F-11D3-BF4B-00C04F79EFBC}") = "CodeGenerator", "CodeGenerator\CodeGenerator.csproj", "{B77C1EFC-3E7E-49C4-9760-CB89652A675B}"
EndProject
Project("{FAE04EC0-301F-11D3-BF4B-00C04F79EFBC}") = "CommsCS", "CommsCS\CommsCS.csproj", "{BA2B50A2-CFF6-4858-A321-4B61333D4969}"
EndProject
Global
	GlobalSection(SolutionConfigurationPlatforms) = preSolution
		Debug|Any CPU = Debug|Any CPU
		Release|Any CPU = Release|Any CPU
	EndGlobalSection
	GlobalSection(ProjectConfigurationPlatforms) = postSolution
		{B0383AA3-1937-41E8-B7DE-E4A08E21D984}.Debug|Any CPU.ActiveCfg = Debug|Any CPU
		{B0383AA3-1937-41E8-B7DE-E4A08E21D984}.Debug|Any CPU.Build.0 = Debug|Any CPU
		{B0383AA3-1937-41E8-B7DE-E4A08E21D984}.Release|Any CPU.ActiveCfg = Release|Any CPU
		{B0383AA3-1937-41E8-B7DE-E4A08E21D984}.Release|Any CPU.Build.0 = Release|Any CPU
		{B77C1EFC-3E7E-49C4-9760-CB89652A675B}.Debug|Any CPU.ActiveCfg = Debug|Any CPU
		{B77C1EFC-3E7E-49C4-9760-CB89652A675B}.Debug|Any CPU.Build.0 = Debug|Any CPU
		{B77C1EFC-3E7E-49C4-9760-CB89652A675B}.Release|Any CPU.ActiveCfg = Release|Any CPU
		{B77C1EFC-3E7E-49C4-9760-CB89652A675B}.Release|Any CPU.Build.0 = Release|Any CPU
		{BA2B50A2-CFF6-4858-A321-4B61333D4969}.Debug|Any CPU.ActiveCfg = Debug|Any CPU
		{BA2B50A2-CFF6-4858-A321-4B61333D4969}.Debug|Any CPU.Build.0 = Debug|Any CPU
		{BA2B50A2-CFF6-4858-A321-4B61333D4969}.Release|Any CPU.ActiveCfg = Release|Any CPU
		{BA2B50A2-CFF6-4858-A321-4B61333D4969}.Release|Any CPU.Build.0 = Release|Any CPU
	EndGlobalSection
	GlobalSection(SolutionProperties) = preSolution
		HideSolutionNode = FALSE
	EndGlobalSection
	GlobalSection(ExtensibilityGlobals) = postSolution
		SolutionGuid = {1EF446AE-5703-4CB4-9683-74278F629705}
	EndGlobalSection
EndGlobal
