
Microsoft Visual Studio Solution File, Format Version 12.00
# Visual Studio Version 16
VisualStudioVersion = 16.0.30128.74
MinimumVisualStudioVersion = 10.0.40219.1
Project("{FAE04EC0-301F-11D3-BF4B-00C04F79EFBC}") = "monocle", "monocle.csproj", "{2928FE88-C162-4AB1-AE56-7493765174C8}"
EndProject
Project("{FAE04EC0-301F-11D3-BF4B-00C04F79EFBC}") = "monocle_demo", "..\monocle_demo\monocle_demo.csproj", "{F48C23D5-CB48-4B9E-B6FB-F38942EA54F9}"
EndProject
Global
	GlobalSection(SolutionConfigurationPlatforms) = preSolution
		Debug|Any CPU = Debug|Any CPU
		Release|Any CPU = Release|Any CPU
	EndGlobalSection
	GlobalSection(ProjectConfigurationPlatforms) = postSolution
		{2928FE88-C162-4AB1-AE56-7493765174C8}.Debug|Any CPU.ActiveCfg = Debug|Any CPU
		{2928FE88-C162-4AB1-AE56-7493765174C8}.Debug|Any CPU.Build.0 = Debug|Any CPU
		{2928FE88-C162-4AB1-AE56-7493765174C8}.Release|Any CPU.ActiveCfg = Release|Any CPU
		{2928FE88-C162-4AB1-AE56-7493765174C8}.Release|Any CPU.Build.0 = Release|Any CPU
		{F48C23D5-CB48-4B9E-B6FB-F38942EA54F9}.Debug|Any CPU.ActiveCfg = Debug|Any CPU
		{F48C23D5-CB48-4B9E-B6FB-F38942EA54F9}.Debug|Any CPU.Build.0 = Debug|Any CPU
		{F48C23D5-CB48-4B9E-B6FB-F38942EA54F9}.Release|Any CPU.ActiveCfg = Release|Any CPU
		{F48C23D5-CB48-4B9E-B6FB-F38942EA54F9}.Release|Any CPU.Build.0 = Release|Any CPU
	EndGlobalSection
	GlobalSection(SolutionProperties) = preSolution
		HideSolutionNode = FALSE
	EndGlobalSection
	GlobalSection(ExtensibilityGlobals) = postSolution
		SolutionGuid = {B024CAC0-842E-438E-B406-856B05BA205A}
	EndGlobalSection
EndGlobal
