<?xml version="1.0" encoding="utf-8"?>
<Project ToolsVersion="4.0" xmlns="http://schemas.microsoft.com/developer/msbuild/2003">
  <ItemGroup>
    <Filter Include="Source Files">
      <UniqueIdentifier>{4FC737F1-C7A5-4376-A066-2A32D752A2FF}</UniqueIdentifier>
      <Extensions>cpp;c;cc;cxx;c++;cppm;ixx;def;odl;idl;hpj;bat;asm;asmx</Extensions>
    </Filter>
    <Filter Include="Header Files">
      <UniqueIdentifier>{93995380-89BD-4b04-88EB-625FBE52EBFB}</UniqueIdentifier>
      <Extensions>h;hh;hpp;hxx;h++;hm;inl;inc;ipp;xsd</Extensions>
    </Filter>
    <Filter Include="Resource Files">
      <UniqueIdentifier>{67DA6AB6-F800-4c08-8B7A-83BB121AAD01}</UniqueIdentifier>
      <Extensions>rc;ico;cur;bmp;dlg;rc2;rct;bin;rgs;gif;jpg;jpeg;jpe;resx;tiff;tif;png;wav;mfcribbon-ms</Extensions>
    </Filter>
    <Filter Include="Source Files\anno">
      <UniqueIdentifier>{d74dcc4c-945b-44f3-8be7-55d160f165b8}</UniqueIdentifier>
    </Filter>
    <Filter Include="Source Files\Generated">
      <UniqueIdentifier>{9612b10c-e5b5-447c-878a-3b352abe067e}</UniqueIdentifier>
    </Filter>
    <Filter Include="Source Files\Tools">
      <UniqueIdentifier>{68ebc3e6-9134-4607-bc56-eb786c444b67}</UniqueIdentifier>
    </Filter>
    <Filter Include="Source Files\Testing">
      <UniqueIdentifier>{a63d9421-cb86-4241-93a1-dbcbedfc52d9}</UniqueIdentifier>
    </Filter>
    <Filter Include="Source Files\imgui">
      <UniqueIdentifier>{67253141-54a1-44c7-9e76-9c39d193edaa}</UniqueIdentifier>
    </Filter>
    <Filter Include="Source Files\ui">
      <UniqueIdentifier>{e9326fa7-0f50-43a5-9afd-d9e1b10e44bf}</UniqueIdentifier>
    </Filter>
  </ItemGroup>
  <ItemGroup>
    <ClInclude Include="framework.h">
      <Filter>Header Files</Filter>
    </ClInclude>
    <ClInclude Include="injected.h">
      <Filter>Source Files</Filter>
    </ClInclude>
    <ClInclude Include="serialization.gen.h">
      <Filter>Source Files\Generated</Filter>
    </ClInclude>
    <ClInclude Include="remote_call_handler_base.gen.h">
      <Filter>Source Files\Generated</Filter>
    </ClInclude>
    <ClInclude Include="memory.h">
      <Filter>Source Files\Tools</Filter>
    </ClInclude>
    <ClInclude Include="hook.h">
      <Filter>Source Files\Tools</Filter>
    </ClInclude>
    <ClInclude Include="global_includes.h">
      <Filter>Source Files\Tools</Filter>
    </ClInclude>
    <ClInclude Include="tools.h">
      <Filter>Source Files\Tools</Filter>
    </ClInclude>
    <ClInclude Include="structs.gen.h">
      <Filter>Source Files\Generated</Filter>
    </ClInclude>
    <ClInclude Include="remote_call_handler_anno.h">
      <Filter>Source Files\anno</Filter>
    </ClInclude>
    <ClInclude Include="socket.h">
      <Filter>Source Files\Tools</Filter>
    </ClInclude>
    <ClInclude Include="anno_native.h">
      <Filter>Source Files\anno</Filter>
    </ClInclude>
    <ClInclude Include="anno_tools.h">
      <Filter>Source Files\anno</Filter>
    </ClInclude>
    <ClInclude Include="testing.h">
      <Filter>Source Files\Testing</Filter>
    </ClInclude>
    <ClInclude Include="remote_call_handler_test.h">
      <Filter>Source Files\Testing</Filter>
    </ClInclude>
    <ClInclude Include="log.h">
      <Filter>Source Files\Tools</Filter>
    </ClInclude>
    <ClInclude Include="ui.h">
      <Filter>Source Files\ui</Filter>
    </ClInclude>
    <ClInclude Include="ui_island_view.h">
      <Filter>Source Files\ui</Filter>
    </ClInclude>
    <ClInclude Include="ui_id_to_name.h">
      <Filter>Source Files\ui</Filter>
    </ClInclude>
    <ClInclude Include="ui_area_view.h">
      <Filter>Source Files\ui</Filter>
    </ClInclude>
    <ClInclude Include="ui_selection_view.h">
      <Filter>Source Files\ui</Filter>
    </ClInclude>
    <ClInclude Include="anno_entity.h">
      <Filter>Source Files\anno</Filter>
    </ClInclude>
    <ClInclude Include="ui_entity_view.h">
      <Filter>Source Files\ui</Filter>
    </ClInclude>
    <ClInclude Include="ui_debugger_test.h">
      <Filter>Source Files\ui</Filter>
    </ClInclude>
    <ClInclude Include="hardware_breakpoints.h">
      <Filter>Source Files\Tools</Filter>
    </ClInclude>
    <ClInclude Include="Zydis.h">
      <Filter>Source Files\Tools</Filter>
    </ClInclude>
  </ItemGroup>
  <ItemGroup>
    <ClCompile Include="dllmain.cpp">
      <Filter>Source Files</Filter>
    </ClCompile>
    <ClCompile Include="injected.cpp">
      <Filter>Source Files</Filter>
    </ClCompile>
    <ClCompile Include="serialization.gen.cpp">
      <Filter>Source Files\Generated</Filter>
    </ClCompile>
    <ClCompile Include="remote_call_handler_base.gen.cpp">
      <Filter>Source Files\Generated</Filter>
    </ClCompile>
    <ClCompile Include="memory.cpp">
      <Filter>Source Files\Tools</Filter>
    </ClCompile>
    <ClCompile Include="hook.cpp">
      <Filter>Source Files\Tools</Filter>
    </ClCompile>
    <ClCompile Include="tools.cpp">
      <Filter>Source Files\Tools</Filter>
    </ClCompile>
    <ClCompile Include="remote_call_handler_anno.cpp">
      <Filter>Source Files\anno</Filter>
    </ClCompile>
    <ClCompile Include="socket.cpp">
      <Filter>Source Files\Tools</Filter>
    </ClCompile>
    <ClCompile Include="anno_native.cpp">
      <Filter>Source Files\anno</Filter>
    </ClCompile>
    <ClCompile Include="anno_tools.cpp">
      <Filter>Source Files\anno</Filter>
    </ClCompile>
    <ClCompile Include="testing.cpp">
      <Filter>Source Files\Testing</Filter>
    </ClCompile>
    <ClCompile Include="remote_call_handler_test.cpp">
      <Filter>Source Files\Testing</Filter>
    </ClCompile>
    <ClCompile Include="log.cpp">
      <Filter>Source Files\Tools</Filter>
    </ClCompile>
    <ClCompile Include="..\imgui\imgui.cpp">
      <Filter>Source Files\imgui</Filter>
    </ClCompile>
    <ClCompile Include="..\imgui\imgui_demo.cpp">
      <Filter>Source Files\imgui</Filter>
    </ClCompile>
    <ClCompile Include="..\imgui\imgui_draw.cpp">
      <Filter>Source Files\imgui</Filter>
    </ClCompile>
    <ClCompile Include="..\imgui\backends\imgui_impl_dx11.cpp">
      <Filter>Source Files\imgui</Filter>
    </ClCompile>
    <ClCompile Include="..\imgui\backends\imgui_impl_win32.cpp">
      <Filter>Source Files\imgui</Filter>
    </ClCompile>
    <ClCompile Include="..\imgui\imgui_tables.cpp">
      <Filter>Source Files\imgui</Filter>
    </ClCompile>
    <ClCompile Include="..\imgui\imgui_widgets.cpp">
      <Filter>Source Files\imgui</Filter>
    </ClCompile>
    <ClCompile Include="ui.cpp">
      <Filter>Source Files\ui</Filter>
    </ClCompile>
    <ClCompile Include="ui_island_view.cpp">
      <Filter>Source Files\ui</Filter>
    </ClCompile>
    <ClCompile Include="ui_id_to_name.cpp">
      <Filter>Source Files\ui</Filter>
    </ClCompile>
    <ClCompile Include="ui_area_view.cpp">
      <Filter>Source Files\ui</Filter>
    </ClCompile>
    <ClCompile Include="ui_selection_view.cpp">
      <Filter>Source Files\ui</Filter>
    </ClCompile>
    <ClCompile Include="anno_entity.cpp">
      <Filter>Source Files\anno</Filter>
    </ClCompile>
    <ClCompile Include="ui_entity_view.cpp">
      <Filter>Source Files\ui</Filter>
    </ClCompile>
    <ClCompile Include="ui_debugger_test.cpp">
      <Filter>Source Files\ui</Filter>
    </ClCompile>
    <ClCompile Include="Zydis.c">
      <Filter>Source Files\Tools</Filter>
    </ClCompile>
  </ItemGroup>
  <ItemGroup>
    <MASM Include="trampolines.asm">
      <Filter>Source Files</Filter>
    </MASM>
    <MASM Include="test_asm.asm">
      <Filter>Source Files\Testing</Filter>
    </MASM>
  </ItemGroup>
  <ItemGroup>
    <None Include="..\imgui\backends\imgui_impl_metal.mm" />
    <None Include="..\imgui\backends\imgui_impl_osx.mm" />
  </ItemGroup>
</Project>